
Microsoft Visual Studio Solution File, Format Version 12.00
# Visual Studio Version 17
VisualStudioVersion = 17.14.37203.1 d17.14
MinimumVisualStudioVersion = 10.0.40219.1
Project("{8BC9CEB8-8B4A-11D0-8D11-00A0C91BC942}") = "SistemaGestionAlumnos", "SistemaGestionAlumnos\SistemaGestionAlumnos.vcxproj", "{EB3BB233-8332-4C46-9031-2CB18DB4825F}"
EndProject
Global
	GlobalSection(SolutionConfigurationPlatforms) = preSolution
		Debug|x64 = Debug|x64
		Debug|x86 = Debug|x86
		Release|x64 = Release|x64
		Release|x86 = Release|x86
	EndGlobalSection
	GlobalSection(ProjectConfigurationPlatforms) = postSolution
		{EB3BB233-8332-4C46-9031-2CB18DB4825F}.Debug|x64.ActiveCfg = Debug|x64
		{EB3BB233-8332-4C46-9031-2CB18DB4825F}.Debug|x64.Build.0 = Debug|x64
		{EB3BB233-8332-4C46-9031-2CB18DB4825F}.Debug|x86.ActiveCfg = Debug|Win32
		{EB3BB233-8332-4C46-9031-2CB18DB4825F}.Debug|x86.Build.0 = Debug|Win32
		{EB3BB233-8332-4C46-9031-2CB18DB4825F}.Release|x64.ActiveCfg = Release|x64
		{EB3BB233-8332-4C46-9031-2CB18DB4825F}.Release|x64.Build.0 = Release|x64
		{EB3BB233-8332-4C46-9031-2CB18DB4825F}.Release|x86.ActiveCfg = Release|Win32
		{EB3BB233-8332-4C46-9031-2CB18DB4825F}.Release|x86.Build.0 = Release|Win32
	EndGlobalSection
	GlobalSection(SolutionProperties) = preSolution
		HideSolutionNode = FALSE
	EndGlobalSection
	GlobalSection(ExtensibilityGlobals) = postSolution
		SolutionGuid = {CE9EF0F1-7BD1-40D8-B3E4-809A526E380E}
	EndGlobalSection
EndGlobal
